
Microsoft Visual Studio Solution File, Format Version 12.00
# Visual Studio Version 16
VisualStudioVersion = 16.0.31424.327
MinimumVisualStudioVersion = 10.0.40219.1
Project("{9A19103F-16F7-4668-BE54-9A1E7A4F7556}") = "DataAccess", "DataAccess\DataAccess.csproj", "{9FA6BC74-C68D-4339-9FC0-888E93413456}"
EndProject
Project("{9A19103F-16F7-4668-BE54-9A1E7A4F7556}") = "Business", "Business\Business.csproj", "{02943EAC-CE2F-45E0-A350-7C927272C9F6}"
EndProject
Project("{9A19103F-16F7-4668-BE54-9A1E7A4F7556}") = "Entites", "Entites\Entites.csproj", "{FC433C4E-F8B7-4797-869D-821EFC447D79}"
EndProject
Project("{9A19103F-16F7-4668-BE54-9A1E7A4F7556}") = "ConsoleUI", "ConsoleUI\ConsoleUI.csproj", "{DDC600B6-3252-4898-B90C-33E80B84B8D8}"
EndProject
Project("{9A19103F-16F7-4668-BE54-9A1E7A4F7556}") = "Core", "Core\Core.csproj", "{2AB4C22A-6FC0-4710-9A83-A4F8DD64BD8C}"
EndProject
Project("{FAE04EC0-301F-11D3-BF4B-00C04F79EFBC}") = "WebApı", "WebApı\WebApı.csproj", "{52EE01C2-BC67-46EC-B5E1-9BC112AD67F3}"
EndProject
Global
	GlobalSection(SolutionConfigurationPlatforms) = preSolution
		Debug|Any CPU = Debug|Any CPU
		Release|Any CPU = Release|Any CPU
	EndGlobalSection
	GlobalSection(ProjectConfigurationPlatforms) = postSolution
		{9FA6BC74-C68D-4339-9FC0-888E93413456}.Debug|Any CPU.ActiveCfg = Debug|Any CPU
		{9FA6BC74-C68D-4339-9FC0-888E93413456}.Debug|Any CPU.Build.0 = Debug|Any CPU
		{9FA6BC74-C68D-4339-9FC0-888E93413456}.Release|Any CPU.ActiveCfg = Release|Any CPU
		{9FA6BC74-C68D-4339-9FC0-888E93413456}.Release|Any CPU.Build.0 = Release|Any CPU
		{02943EAC-CE2F-45E0-A350-7C927272C9F6}.Debug|Any CPU.ActiveCfg = Debug|Any CPU
		{02943EAC-CE2F-45E0-A350-7C927272C9F6}.Debug|Any CPU.Build.0 = Debug|Any CPU
		{02943EAC-CE2F-45E0-A350-7C927272C9F6}.Release|Any CPU.ActiveCfg = Release|Any CPU
		{02943EAC-CE2F-45E0-A350-7C927272C9F6}.Release|Any CPU.Build.0 = Release|Any CPU
		{FC433C4E-F8B7-4797-869D-821EFC447D79}.Debug|Any CPU.ActiveCfg = Debug|Any CPU
		{FC433C4E-F8B7-4797-869D-821EFC447D79}.Debug|Any CPU.Build.0 = Debug|Any CPU
		{FC433C4E-F8B7-4797-869D-821EFC447D79}.Release|Any CPU.ActiveCfg = Release|Any CPU
		{FC433C4E-F8B7-4797-869D-821EFC447D79}.Release|Any CPU.Build.0 = Release|Any CPU
		{DDC600B6-3252-4898-B90C-33E80B84B8D8}.Debug|Any CPU.ActiveCfg = Debug|Any CPU
		{DDC600B6-3252-4898-B90C-33E80B84B8D8}.Debug|Any CPU.Build.0 = Debug|Any CPU
		{DDC600B6-3252-4898-B90C-33E80B84B8D8}.Release|Any CPU.ActiveCfg = Release|Any CPU
		{DDC600B6-3252-4898-B90C-33E80B84B8D8}.Release|Any CPU.Build.0 = Release|Any CPU
		{2AB4C22A-6FC0-4710-9A83-A4F8DD64BD8C}.Debug|Any CPU.ActiveCfg = Debug|Any CPU
		{2AB4C22A-6FC0-4710-9A83-A4F8DD64BD8C}.Debug|Any CPU.Build.0 = Debug|Any CPU
		{2AB4C22A-6FC0-4710-9A83-A4F8DD64BD8C}.Release|Any CPU.ActiveCfg = Release|Any CPU
		{2AB4C22A-6FC0-4710-9A83-A4F8DD64BD8C}.Release|Any CPU.Build.0 = Release|Any CPU
		{52EE01C2-BC67-46EC-B5E1-9BC112AD67F3}.Debug|Any CPU.ActiveCfg = Debug|Any CPU
		{52EE01C2-BC67-46EC-B5E1-9BC112AD67F3}.Debug|Any CPU.Build.0 = Debug|Any CPU
		{52EE01C2-BC67-46EC-B5E1-9BC112AD67F3}.Release|Any CPU.ActiveCfg = Release|Any CPU
		{52EE01C2-BC67-46EC-B5E1-9BC112AD67F3}.Release|Any CPU.Build.0 = Release|Any CPU
	EndGlobalSection
	GlobalSection(SolutionProperties) = preSolution
		HideSolutionNode = FALSE
	EndGlobalSection
	GlobalSection(ExtensibilityGlobals) = postSolution
		SolutionGuid = {1A07EE7F-3229-4EF8-A2D6-9231D65CB860}
	EndGlobalSection
EndGlobal
